{
  "object": {
    "pins": [
      {
        "package": "swift-algorithms",
        "repositoryURL": "https://github.com/apple/swift-algorithms",
        "state": {
          "branch": null,
          "revision": "6cffd04a4f09cb9111d98ee70dc4314fcb5fc56e",
          "version": "0.0.1"
        }
      },
      {
        "package": "swift-argument-parser",
        "repositoryURL": "https://github.com/apple/swift-argument-parser.git",
        "state": {
          "branch": null,
          "revision": "92646c0cdbaca076c8d3d0207891785b3379cbff",
          "version": "0.3.1"
        }
      },
      {
        "package": "swift-atomics",
        "repositoryURL": "https://github.com/apple/swift-atomics.git",
        "state": {
          "branch": null,
          "revision": "26e346cd64f6b92d4089e7fafe2f8e82f60ddb8c",
          "version": "0.0.2"
        }
      }
    ]
  },
  "version": 1
}
